hash: 54a3501209a9880f77e9146ff52ddfa1b53bf5e02635f75dabef5de0c5f7a2b8
updated: 2016-11-01T11:21:37.272581197-04:00
imports:
- name: github.com/gorilla/context
  version: 1ea25387ff6f684839d82767c1733ff4d4d15d0a
- name: github.com/gorilla/mux
  version: 0eeaf8392f5b04950925b8a69fe70f110fa7cbfc
- name: github.com/iamthemuffinman/logsip
  version: 3a95eed05b2e5a0eba01e0d30a8bf01988e4f511
  subpackages:
  - isatty
- name: github.com/jmoiron/sqlx
  version: 05b81a7d5d38058e42148dc01f17daf4acba4640
  subpackages:
  - reflectx
- name: golang.org/x/crypto
  version: 9477e0b78b9ac3d0b03822fd95422e2fe07627cd
  subpackages:
  - bcrypt
  - blowfish
- name: golang.org/x/sys
  version: c200b10b5d5e122be351b67af224adc6128af5bf
  subpackages:
  - unix
testImports: []
